<?xml version="1.0" encoding="utf-8"?>
<Project ToolsVersion="4.0" xmlns="http://schemas.microsoft.com/developer/msbuild/2003">
  <ItemGroup>
    <Filter Include="Source Files">
      <UniqueIdentifier>{4FC737F1-C7A5-4376-A066-2A32D752A2FF}</UniqueIdentifier>
      <Extensions>cpp;c;cc;cxx;def;odl;idl;hpj;bat;asm;asmx</Extensions>
    </Filter>
    <Filter Include="Header Files">
      <UniqueIdentifier>{93995380-89BD-4b04-88EB-625FBE52EBFB}</UniqueIdentifier>
      <Extensions>h;hh;hpp;hxx;hm;inl;inc;xsd</Extensions>
    </Filter>
    <Filter Include="Resource Files">
      <UniqueIdentifier>{67DA6AB6-F800-4c08-8B7A-83BB121AAD01}</UniqueIdentifier>
      <Extensions>rc;ico;cur;bmp;dlg;rc2;rct;bin;rgs;gif;jpg;jpeg;jpe;resx;tiff;tif;png;wav;mfcribbon-ms</Extensions>
    </Filter>
  </ItemGroup>
  <ItemGroup>
    <ClInclude Include="stdafx.h">
      <Filter>Header Files</Filter>
    </ClInclude>
    <ClInclude Include="targetver.h">
      <Filter>Header Files</Filter>
    </ClInclude>
    <ClInclude Include="Resource.h">
      <Filter>Header Files</Filter>
    </ClInclude>
    <ClInclude Include="GBAEmulator.h">
      <Filter>Header Files</Filter>
    </ClInclude>
    <ClInclude Include="Core\ARM7TDMI.h">
      <Filter>Header Files</Filter>
    </ClInclude>
    <ClInclude Include="Core\ClockBlock.h">
      <Filter>Header Files</Filter>
    </ClInclude>
    <ClInclude Include="Core\MemoryBus.h">
      <Filter>Header Files</Filter>
    </ClInclude>
    <ClInclude Include="Core\GamePakInterface.h">
      <Filter>Header Files</Filter>
    </ClInclude>
    <ClInclude Include="Core\MemoryDevice.h">
      <Filter>Header Files</Filter>
    </ClInclude>
    <ClInclude Include="Core\IORegisters.h">
      <Filter>Header Files</Filter>
    </ClInclude>
    <ClInclude Include="Core\BIOS.h">
      <Filter>Header Files</Filter>
    </ClInclude>
    <ClInclude Include="Core\ChipWRAM.h">
      <Filter>Header Files</Filter>
    </ClInclude>
    <ClInclude Include="Core\BoardWRAM.h">
      <Filter>Header Files</Filter>
    </ClInclude>
    <ClInclude Include="Core\VRAM.h">
      <Filter>Header Files</Filter>
    </ClInclude>
    <ClInclude Include="Core\OAM.h">
      <Filter>Header Files</Filter>
    </ClInclude>
    <ClInclude Include="Core\PalRam.h">
      <Filter>Header Files</Filter>
    </ClInclude>
    <ClInclude Include="Core\LCDVideoController.h">
      <Filter>Header Files</Filter>
    </ClInclude>
    <ClInclude Include="Core\DMA.h">
      <Filter>Header Files</Filter>
    </ClInclude>
  </ItemGroup>
  <ItemGroup>
    <ClCompile Include="stdafx.cpp">
      <Filter>Source Files</Filter>
    </ClCompile>
    <ClCompile Include="GBAEmulator.cpp">
      <Filter>Source Files</Filter>
    </ClCompile>
    <ClCompile Include="Core\ARM7TDMI.cpp">
      <Filter>Source Files</Filter>
    </ClCompile>
    <ClCompile Include="Core\MemoryBus.cpp">
      <Filter>Source Files</Filter>
    </ClCompile>
    <ClCompile Include="Core\GamePakInterface.cpp">
      <Filter>Source Files</Filter>
    </ClCompile>
    <ClCompile Include="Core\IORegisters.cpp">
      <Filter>Source Files</Filter>
    </ClCompile>
    <ClCompile Include="Core\BIOS.cpp">
      <Filter>Source Files</Filter>
    </ClCompile>
    <ClCompile Include="Core\ChipWRAM.cpp">
      <Filter>Source Files</Filter>
    </ClCompile>
    <ClCompile Include="Core\BoardWRAM.cpp">
      <Filter>Source Files</Filter>
    </ClCompile>
    <ClCompile Include="Core\VRAM.cpp">
      <Filter>Source Files</Filter>
    </ClCompile>
    <ClCompile Include="Core\OAM.cpp">
      <Filter>Source Files</Filter>
    </ClCompile>
    <ClCompile Include="Core\PalRam.cpp">
      <Filter>Source Files</Filter>
    </ClCompile>
    <ClCompile Include="Core\LCDVideoController.cpp">
      <Filter>Source Files</Filter>
    </ClCompile>
    <ClCompile Include="Core\DMA.cpp">
      <Filter>Source Files</Filter>
    </ClCompile>
  </ItemGroup>
  <ItemGroup>
    <ResourceCompile Include="GBAEmulator.rc">
      <Filter>Resource Files</Filter>
    </ResourceCompile>
  </ItemGroup>
  <ItemGroup>
    <Image Include="small.ico">
      <Filter>Resource Files</Filter>
    </Image>
    <Image Include="GBAEmulator.ico">
      <Filter>Resource Files</Filter>
    </Image>
  </ItemGroup>
</Project>